lockfileVersion: '9.0'

settings:
  autoInstallPeers: true
  excludeLinksFromLockfile: false

importers:

  .:
    dependencies:
      '@cursor/sdk':
        specifier: 1.0.29
        version: 1.0.29
      zod:
        specifier: ^4.4.3
        version: 4.4.3
    devDependencies:
      '@types/node':
        specifier: 25.5.0
        version: 25.5.0
      typescript:
        specifier: 5.9.3
        version: 5.9.3

packages:

  '@bufbuild/protobuf@1.10.0':
    resolution: {integrity: sha512-QDdVFLoN93Zjg36NoQPZfsVH9tZew7wKDKyV5qRdj8ntT4wQCOradQjRaTdwMhWUYsgKsvCINKKm87FdEk96Ag==}

  '@connectrpc/connect-node@1.7.0':
    resolution: {integrity: sha512-6vaPIkG/NyhxlYgytLoR9KYbPhczEboFB2OYWkA9qvUz1K7efXfeGrlRxoLtpa+r8VxyIOw73w5ktNe743nD+A==}
    engines: {node: '>=16.0.0'}
    peerDependencies:
      '@bufbuild/protobuf': ^1.10.0
      '@connectrpc/connect': 1.7.0

  '@connectrpc/connect-web@1.7.0':
    resolution: {integrity: sha512-qyP0YOnUPRWwCc/VfsoydMJvkb7EyUPr2q9sHgBuJzbADjiqck1gKH5V5ZPzPhTLBvmz5UvG+wiZ5sMRQHU1MQ==}
    peerDependencies:
      '@bufbuild/protobuf': ^1.10.0
      '@connectrpc/connect': 1.7.0

  '@connectrpc/connect@1.7.0':
    resolution: {integrity: sha512-iNKdJRi69YP3mq6AePRT8F/HrxWCewrhxnLMNm0vpqXAR8biwzRtO6Hjx80C6UvtKJ5sFmffQT7I4Baecz389w==}
    peerDependencies:
      '@bufbuild/protobuf': ^1.10.0

  '@cursor/sdk-darwin-arm64@1.0.29':
    resolution: {integrity: sha512-31ymxGyw9NJ1gYC61+/Veyvar+d4dKkgYpLN9fefQmDjGr2luyhrGet6A2q4jVfccvJsSGt7RpsCtfCH51k9fw==}
    cpu: [arm64]
    os: [darwin]
    hasBin: true

  '@cursor/sdk-darwin-x64@1.0.29':
    resolution: {integrity: sha512-T+UpOHNZzAjyOjbzwtfeoexHTWI3V7G0Jz6S2JiYWeY2N4a6URbWJ16q5xXS1wB9v3qA+QzR/1kOgxixlQQNCg==}
    cpu: [x64]
    os: [darwin]
    hasBin: true

  '@cursor/sdk-linux-arm64@1.0.29':
    resolution: {integrity: sha512-HqSD1zJhTlAnlNP/mT2H2IDh6KFYMIHTXWQ2SAF+IDeyJ1Od++hHlq6mTkoQVdeZaOFDx+c2PlX1EShm2Ut4uA==}
    cpu: [arm64]
    os: [linux]
    hasBin: true

  '@cursor/sdk-linux-x64@1.0.29':
    resolution: {integrity: sha512-FfeClBpcASZvL5rh8NyHNzmAfZQMp8aNFaoP1n27L0B/VhisbeM4byATI58RcAdnvWGAkLRbp8ELTqDv8SNhRw==}
    cpu: [x64]
    os: [linux]
    hasBin: true

  '@cursor/sdk-win32-x64@1.0.29':
    resolution: {integrity: sha512-phfOWeGVku3N7JavKalJqneZ4qOfwEvDWIWcRQrdS4YQHOchV9JQcq4JqYJFgBk/8r+bztohuEloXEdV2iHVjw==}
    cpu: [x64]
    os: [win32]
    hasBin: true

  '@cursor/sdk@1.0.29':
    resolution: {integrity: sha512-ACnbb9M5XJRc5UKUqostvnMuSSIjMVDu4lHRPX14qAftv8mvLqicE+j9x9fwN7ORy08p4PzNpp+kXPlHF6sBqw==}
    engines: {node: '>=22.13'}

  '@fastify/busboy@2.1.1':
    resolution: {integrity: sha512-vBZP4NlzfOlerQTnba4aqZoMhE/a9HY7HRqoOPaETQcSQuWEIyZMHGfVu6w9wGtGK5fED5qRs2DteVCjOH60sA==}
    engines: {node: '>=14'}

  '@statsig/client-core@3.31.0':
    resolution: {integrity: sha512-SuxQD6TmVszPG7FoMKwTk/uyBuVFk7XnxI3T/E0uyb7PL7GNjONtfsoh+NqBBVUJVse0CUeSFfgJPoZy1ZOslQ==}

  '@statsig/js-client@3.31.0':
    resolution: {integrity: sha512-LFa5E0LjT6sTfZv3sNGoyRLSZ1078+agdgOA+Vm1ecjG+KbSOfBLTW7hMwimrJ29slRwbYDzbtKaPJo/R37N2g==}

  '@types/node@25.5.0':
    resolution: {integrity: sha512-jp2P3tQMSxWugkCUKLRPVUpGaL5MVFwF8RDuSRztfwgN1wmqJeMSbKlnEtQqU8UrhTmzEmZdu2I6v2dpp7XIxw==}

  typescript@5.9.3:
    resolution: {integrity: sha512-jl1vZzPDinLr9eUt3J/t7V6FgNEw9QjvBPdysz9KfQDD41fQrC2Y4vKQdiaUpFT4bXlb1RHhLpp8wtm6M5TgSw==}
    engines: {node: '>=14.17'}
    hasBin: true

  undici-types@7.18.2:
    resolution: {integrity: sha512-AsuCzffGHJybSaRrmr5eHr81mwJU3kjw6M+uprWvCXiNeN9SOGwQ3Jn8jb8m3Z6izVgknn1R0FTCEAP2QrLY/w==}

  undici@5.29.0:
    resolution: {integrity: sha512-raqeBD6NQK4SkWhQzeYKd1KmIG6dllBOTt55Rmkt4HtI9mwdWtJljnrXjAFUBLTSN67HWrOIZ3EPF4kjUw80Bg==}
    engines: {node: '>=14.0'}

  zod@3.25.76:
    resolution: {integrity: sha512-gzUt/qt81nXsFGKIFcC3YnfEAx5NkunCfnDlvuBSSFS02bcXu4Lmea0AFIUwbLWxWPx3d9p8S5QoaujKcNQxcQ==}

  zod@4.4.3:
    resolution: {integrity: sha512-ytENFjIJFl2UwYglde2jchW2Hwm4GJFLDiSXWdTrJQBIN9Fcyp7n4DhxJEiWNAJMV1/BqWfW/kkg71UDcHJyTQ==}

snapshots:

  '@bufbuild/protobuf@1.10.0': {}

  '@connectrpc/connect-node@1.7.0(@bufbuild/protobuf@1.10.0)(@connectrpc/connect@1.7.0(@bufbuild/protobuf@1.10.0))':
    dependencies:
      '@bufbuild/protobuf': 1.10.0
      '@connectrpc/connect': 1.7.0(@bufbuild/protobuf@1.10.0)
      undici: 5.29.0

  '@connectrpc/connect-web@1.7.0(@bufbuild/protobuf@1.10.0)(@connectrpc/connect@1.7.0(@bufbuild/protobuf@1.10.0))':
    dependencies:
      '@bufbuild/protobuf': 1.10.0
      '@connectrpc/connect': 1.7.0(@bufbuild/protobuf@1.10.0)

  '@connectrpc/connect@1.7.0(@bufbuild/protobuf@1.10.0)':
    dependencies:
      '@bufbuild/protobuf': 1.10.0

  '@cursor/sdk-darwin-arm64@1.0.29':
    optional: true

  '@cursor/sdk-darwin-x64@1.0.29':
    optional: true

  '@cursor/sdk-linux-arm64@1.0.29':
    optional: true

  '@cursor/sdk-linux-x64@1.0.29':
    optional: true

  '@cursor/sdk-win32-x64@1.0.29':
    optional: true

  '@cursor/sdk@1.0.29':
    dependencies:
      '@bufbuild/protobuf': 1.10.0
      '@connectrpc/connect': 1.7.0(@bufbuild/protobuf@1.10.0)
      '@connectrpc/connect-node': 1.7.0(@bufbuild/protobuf@1.10.0)(@connectrpc/connect@1.7.0(@bufbuild/protobuf@1.10.0))
      '@connectrpc/connect-web': 1.7.0(@bufbuild/protobuf@1.10.0)(@connectrpc/connect@1.7.0(@bufbuild/protobuf@1.10.0))
      '@statsig/js-client': 3.31.0
      zod: 3.25.76
    optionalDependencies:
      '@cursor/sdk-darwin-arm64': 1.0.29
      '@cursor/sdk-darwin-x64': 1.0.29
      '@cursor/sdk-linux-arm64': 1.0.29
      '@cursor/sdk-linux-x64': 1.0.29
      '@cursor/sdk-win32-x64': 1.0.29

  '@fastify/busboy@2.1.1': {}

  '@statsig/client-core@3.31.0': {}

  '@statsig/js-client@3.31.0':
    dependencies:
      '@statsig/client-core': 3.31.0

  '@types/node@25.5.0':
    dependencies:
      undici-types: 7.18.2

  typescript@5.9.3: {}

  undici-types@7.18.2: {}

  undici@5.29.0:
    dependencies:
      '@fastify/busboy': 2.1.1

  zod@3.25.76: {}

  zod@4.4.3: {}
